// !$*UTF8*$!
{
	archiveVersion = 1;
	classes = {
	};
	objectVersion = 48;
	objects = {

/* Begin PBXBuildFile section */
		1EAA823F2FD32C5CD4725599 /* Pods_tGamesUITests.framework in Frameworks */ = {isa = PBXBuildFile; fileRef = 9160646CA7C1D3348CC4435B /* Pods_tGamesUITests.framework */; };
		4D681C3B8FD2568ED9DE8707 /* Pods_tGamesTests.framework in Frameworks */ = {isa = PBXBuildFile; fileRef = BD0D97989523A64B5C7E65B7 /* Pods_tGamesTests.framework */; };
		5B3A8296201C3D0200D77110 /* AppDelegate.swift in Sources */ = {isa = PBXBuildFile; fileRef = 5B3A8295201C3D0200D77110 /* AppDelegate.swift */; };
		5B3A829B201C3D0200D77110 /* Main.storyboard in Resources */ = {isa = PBXBuildFile; fileRef = 5B3A8299201C3D0200D77110 /* Main.storyboard */; };
		5B3A829E201C3D0200D77110 /* tGames.xcdatamodeld in Sources */ = {isa = PBXBuildFile; fileRef = 5B3A829C201C3D0200D77110 /* tGames.xcdatamodeld */; };
		5B3A82A0201C3D0200D77110 /* Assets.xcassets in Resources */ = {isa = PBXBuildFile; fileRef = 5B3A829F201C3D0200D77110 /* Assets.xcassets */; };
		5B3A82A3201C3D0200D77110 /* LaunchScreen.storyboard in Resources */ = {isa = PBXBuildFile; fileRef = 5B3A82A1201C3D0200D77110 /* LaunchScreen.storyboard */; };
		5B3A82AE201C3D0200D77110 /* tGamesTests.swift in Sources */ = {isa = PBXBuildFile; fileRef = 5B3A82AD201C3D0200D77110 /* tGamesTests.swift */; };
		5B3A82B9201C3D0200D77110 /* tGamesUITests.swift in Sources */ = {isa = PBXBuildFile; fileRef = 5B3A82B8201C3D0200D77110 /* tGamesUITests.swift */; };
		5B3A82D0201CE32F00D77110 /* Request.swift in Sources */ = {isa = PBXBuildFile; fileRef = 5B3A82CF201CE32F00D77110 /* Request.swift */; };
		5B3A82D2201CE34C00D77110 /* APIManager.swift in Sources */ = {isa = PBXBuildFile; fileRef = 5B3A82D1201CE34C00D77110 /* APIManager.swift */; };
		5B3A82D6201CE3C200D77110 /* GeneratorURL.swift in Sources */ = {isa = PBXBuildFile; fileRef = 5B3A82D5201CE3C200D77110 /* GeneratorURL.swift */; };
		5B3A82D8201CE47000D77110 /* Enum.swift in Sources */ = {isa = PBXBuildFile; fileRef = 5B3A82D7201CE47000D77110 /* Enum.swift */; };
		5B3A82DB201CE6AA00D77110 /* ErrorManager.swift in Sources */ = {isa = PBXBuildFile; fileRef = 5B3A82DA201CE6AA00D77110 /* ErrorManager.swift */; };
		5B3A82E1201CE8D000D77110 /* Link.swift in Sources */ = {isa = PBXBuildFile; fileRef = 5B3A82E0201CE8D000D77110 /* Link.swift */; };
		5B3A82E3201CE9D700D77110 /* Game.swift in Sources */ = {isa = PBXBuildFile; fileRef = 5B3A82E2201CE9D700D77110 /* Game.swift */; };
		5B3A82E6201CEAAD00D77110 /* ElementImage.swift in Sources */ = {isa = PBXBuildFile; fileRef = 5B3A82E5201CEAAD00D77110 /* ElementImage.swift */; };
		5B3A82E8201CEEC700D77110 /* GameViewerChannel.swift in Sources */ = {isa = PBXBuildFile; fileRef = 5B3A82E7201CEEC700D77110 /* GameViewerChannel.swift */; };
		5B3A82EA201CF04100D77110 /* ListGame.swift in Sources */ = {isa = PBXBuildFile; fileRef = 5B3A82E9201CF04100D77110 /* ListGame.swift */; };
		5B3A82ED201CF10400D77110 /* Protocols.swift in Sources */ = {isa = PBXBuildFile; fileRef = 5B3A82EC201CF10400D77110 /* Protocols.swift */; };
		5B3A82EF201CF74900D77110 /* ElementImageTest.swift in Sources */ = {isa = PBXBuildFile; fileRef = 5B3A82EE201CF74900D77110 /* ElementImageTest.swift */; };
		5B3A82F1201CF75700D77110 /* LinkTest.swift in Sources */ = {isa = PBXBuildFile; fileRef = 5B3A82F0201CF75700D77110 /* LinkTest.swift */; };
		5B3A82F3201CF76400D77110 /* GameTest.swift in Sources */ = {isa = PBXBuildFile; fileRef = 5B3A82F2201CF76400D77110 /* GameTest.swift */; };
		5B3A82F5201CF77B00D77110 /* GameViewerChannelTest.swift in Sources */ = {isa = PBXBuildFile; fileRef = 5B3A82F4201CF77B00D77110 /* GameViewerChannelTest.swift */; };
		5B3A82F7201CF78500D77110 /* ListGameTest.swift in Sources */ = {isa = PBXBuildFile; fileRef = 5B3A82F6201CF78500D77110 /* ListGameTest.swift */; };
		5B3A82F9201CF7AC00D77110 /* APIManagerTest.swift in Sources */ = {isa = PBXBuildFile; fileRef = 5B3A82F8201CF7AC00D77110 /* APIManagerTest.swift */; };
		5B3A82FB201CF7CE00D77110 /* GeneratorURLTest.swift in Sources */ = {isa = PBXBuildFile; fileRef = 5B3A82FA201CF7CE00D77110 /* GeneratorURLTest.swift */; };
		5B3A82FD201CF7EA00D77110 /* ErrorManagerTest.swift in Sources */ = {isa = PBXBuildFile; fileRef = 5B3A82FC201CF7EA00D77110 /* ErrorManagerTest.swift */; };
		5B3A8300201D000400D77110 /* CustomViewController.swift in Sources */ = {isa = PBXBuildFile; fileRef = 5B3A82FF201D000400D77110 /* CustomViewController.swift */; };
		5B3A8302201D00BA00D77110 /* ListGameViewController.swift in Sources */ = {isa = PBXBuildFile; fileRef = 5B3A8301201D00BA00D77110 /* ListGameViewController.swift */; };
		5B3A8304201D00D400D77110 /* DetailGameViewController.swift in Sources */ = {isa = PBXBuildFile; fileRef = 5B3A8303201D00D400D77110 /* DetailGameViewController.swift */; };
		5B3A8306201D014400D77110 /* ListGameCollectionViewCell.swift in Sources */ = {isa = PBXBuildFile; fileRef = 5B3A8305201D014400D77110 /* ListGameCollectionViewCell.swift */; };
		5B3A8308201D01D200D77110 /* ListGameViewModel.swift in Sources */ = {isa = PBXBuildFile; fileRef = 5B3A8307201D01D200D77110 /* ListGameViewModel.swift */; };
		5B3A830A201D0ADA00D77110 /* UIViewController.swift in Sources */ = {isa = PBXBuildFile; fileRef = 5B3A8309201D0ADA00D77110 /* UIViewController.swift */; };
		5B3A830C201D0AEB00D77110 /* UIImage+Kingfisher.swift in Sources */ = {isa = PBXBuildFile; fileRef = 5B3A830B201D0AEB00D77110 /* UIImage+Kingfisher.swift */; };
		5B3A830E201D798700D77110 /* ListGameViewModelTest.swift in Sources */ = {isa = PBXBuildFile; fileRef = 5B3A830D201D798700D77110 /* ListGameViewModelTest.swift */; };
		5B3A8310201D799400D77110 /* ListGameViewControllerTest.swift in Sources */ = {isa = PBXBuildFile; fileRef = 5B3A830F201D799400D77110 /* ListGameViewControllerTest.swift */; };
		5B3A8312201D79A900D77110 /* DetailGameViewControllerTest.swift in Sources */ = {isa = PBXBuildFile; fileRef = 5B3A8311201D79A900D77110 /* DetailGameViewControllerTest.swift */; };
		5B3A8315201D987900D77110 /* Spinner.swift in Sources */ = {isa = PBXBuildFile; fileRef = 5B3A8314201D987900D77110 /* Spinner.swift */; };
		5B3A8318201D9B3500D77110 /* Alert.swift in Sources */ = {isa = PBXBuildFile; fileRef = 5B3A8317201D9B3500D77110 /* Alert.swift */; };
		5B3A831A201D9E0100D77110 /* UIColor.swift in Sources */ = {isa = PBXBuildFile; fileRef = 5B3A8319201D9E0100D77110 /* UIColor.swift */; };
		5B3A831D201D9EF400D77110 /* DataManager.swift in Sources */ = {isa = PBXBuildFile; fileRef = 5B3A831C201D9EF400D77110 /* DataManager.swift */; };
		5B3A831F201D9F3F00D77110 /* LoadData.swift in Sources */ = {isa = PBXBuildFile; fileRef = 5B3A831E201D9F3F00D77110 /* LoadData.swift */; };
		5B3A8321201D9F4500D77110 /* SaveData.swift in Sources */ = {isa = PBXBuildFile; fileRef = 5B3A8320201D9F4500D77110 /* SaveData.swift */; };
		5B3A8350201E8D5C00D77110 /* DeleteData.swift in Sources */ = {isa = PBXBuildFile; fileRef = 5B3A834F201E8D5C00D77110 /* DeleteData.swift */; };
		5B3A8383201EC78000D77110 /* ListGameDB+CoreDataClass.swift in Sources */ = {isa = PBXBuildFile; fileRef = 5B3A8379201EC78000D77110 /* ListGameDB+CoreDataClass.swift */; };
		5B3A8384201EC78000D77110 /* ListGameDB+CoreDataProperties.swift in Sources */ = {isa = PBXBuildFile; fileRef = 5B3A837A201EC78000D77110 /* ListGameDB+CoreDataProperties.swift */; };
		5B3A8385201EC78000D77110 /* LinkDB+CoreDataClass.swift in Sources */ = {isa = PBXBuildFile; fileRef = 5B3A837B201EC78000D77110 /* LinkDB+CoreDataClass.swift */; };
		5B3A8386201EC78000D77110 /* LinkDB+CoreDataProperties.swift in Sources */ = {isa = PBXBuildFile; fileRef = 5B3A837C201EC78000D77110 /* LinkDB+CoreDataProperties.swift */; };
		5B3A8387201EC78000D77110 /* GameDB+CoreDataClass.swift in Sources */ = {isa = PBXBuildFile; fileRef = 5B3A837D201EC78000D77110 /* GameDB+CoreDataClass.swift */; };
		5B3A8388201EC78000D77110 /* GameDB+CoreDataProperties.swift in Sources */ = {isa = PBXBuildFile; fileRef = 5B3A837E201EC78000D77110 /* GameDB+CoreDataProperties.swift */; };
		5B3A8389201EC78000D77110 /* GameViewerChannelDB+CoreDataClass.swift in Sources */ = {isa = PBXBuildFile; fileRef = 5B3A837F201EC78000D77110 /* GameViewerChannelDB+CoreDataClass.swift */; };
		5B3A838A201EC78000D77110 /* GameViewerChannelDB+CoreDataProperties.swift in Sources */ = {isa = PBXBuildFile; fileRef = 5B3A8380201EC78000D77110 /* GameViewerChannelDB+CoreDataProperties.swift */; };
		5B3A838B201EC78000D77110 /* ElementImageDB+CoreDataClass.swift in Sources */ = {isa = PBXBuildFile; fileRef = 5B3A8381201EC78000D77110 /* ElementImageDB+CoreDataClass.swift */; };
		5B3A838C201EC78000D77110 /* ElementImageDB+CoreDataProperties.swift in Sources */ = {isa = PBXBuildFile; fileRef = 5B3A8382201EC78000D77110 /* ElementImageDB+CoreDataProperties.swift */; };
		802C937360AB706C9946FA30 /* Pods_tGames.framework in Frameworks */ = {isa = PBXBuildFile; fileRef = ED9DEC615B536CB22A1287E6 /* Pods_tGames.framework */; };
/* End PBXBuildFile section */

/* Begin PBXContainerItemProxy section */
		5B3A82AA201C3D0200D77110 /* PBXContainerItemProxy */ = {
			isa = PBXContainerItemProxy;
			containerPortal = 5B3A828A201C3D0200D77110 /* Project object */;
			proxyType = 1;
			remoteGlobalIDString = 5B3A8291201C3D0200D77110;
			remoteInfo = tGames;
		};
		5B3A82B5201C3D0200D77110 /* PBXContainerItemProxy */ = {
			isa = PBXContainerItemProxy;
			containerPortal = 5B3A828A201C3D0200D77110 /* Project object */;
			proxyType = 1;
			remoteGlobalIDString = 5B3A8291201C3D0200D77110;
			remoteInfo = tGames;
		};
/* End PBXContainerItemProxy section */

/* Begin PBXFileReference section */
		5B3A8292201C3D0200D77110 /* tGames.app */ = {isa = PBXFileReference; explicitFileType = wrapper.application; includeInIndex = 0; path = tGames.app; sourceTree = BUILT_PRODUCTS_DIR; };
		5B3A8295201C3D0200D77110 /* AppDelegate.swift */ = {isa = PBXFileReference; lastKnownFileType = sourcecode.swift; path = AppDelegate.swift; sourceTree = "<group>"; };
		5B3A829A201C3D0200D77110 /* Base */ = {isa = PBXFileReference; lastKnownFileType = file.storyboard; name = Base; path = Base.lproj/Main.storyboard; sourceTree = "<group>"; };
		5B3A829D201C3D0200D77110 /* tGames.xcdatamodel */ = {isa = PBXFileReference; lastKnownFileType = wrapper.xcdatamodel; path = tGames.xcdatamodel; sourceTree = "<group>"; };
		5B3A829F201C3D0200D77110 /* Assets.xcassets */ = {isa = PBXFileReference; lastKnownFileType = folder.assetcatalog; path = Assets.xcassets; sourceTree = "<group>"; };
		5B3A82A2201C3D0200D77110 /* Base */ = {isa = PBXFileReference; lastKnownFileType = file.storyboard; name = Base; path = Base.lproj/LaunchScreen.storyboard; sourceTree = "<group>"; };
		5B3A82A4201C3D0200D77110 /* Info.plist */ = {isa = PBXFileReference; lastKnownFileType = text.plist.xml; path = Info.plist; sourceTree = "<group>"; };
		5B3A82A9201C3D0200D77110 /* tGamesTests.xctest */ = {isa = PBXFileReference; explicitFileType = wrapper.cfbundle; includeInIndex = 0; path = tGamesTests.xctest; sourceTree = BUILT_PRODUCTS_DIR; };
		5B3A82AD201C3D0200D77110 /* tGamesTests.swift */ = {isa = PBXFileReference; lastKnownFileType = sourcecode.swift; path = tGamesTests.swift; sourceTree = "<group>"; };
		5B3A82AF201C3D0200D77110 /* Info.plist */ = {isa = PBXFileReference; lastKnownFileType = text.plist.xml; path = Info.plist; sourceTree = "<group>"; };
		5B3A82B4201C3D0200D77110 /* tGamesUITests.xctest */ = {isa = PBXFileReference; explicitFileType = wrapper.cfbundle; includeInIndex = 0; path = tGamesUITests.xctest; sourceTree = BUILT_PRODUCTS_DIR; };
		5B3A82B8201C3D0200D77110 /* tGamesUITests.swift */ = {isa = PBXFileReference; lastKnownFileType = sourcecode.swift; path = tGamesUITests.swift; sourceTree = "<group>"; };
		5B3A82BA201C3D0200D77110 /* Info.plist */ = {isa = PBXFileReference; lastKnownFileType = text.plist.xml; path = Info.plist; sourceTree = "<group>"; };
		5B3A82CF201CE32F00D77110 /* Request.swift */ = {isa = PBXFileReference; lastKnownFileType = sourcecode.swift; path = Request.swift; sourceTree = "<group>"; };
		5B3A82D1201CE34C00D77110 /* APIManager.swift */ = {isa = PBXFileReference; lastKnownFileType = sourcecode.swift; path = APIManager.swift; sourceTree = "<group>"; };
		5B3A82D5201CE3C200D77110 /* GeneratorURL.swift */ = {isa = PBXFileReference; lastKnownFileType = sourcecode.swift; path = GeneratorURL.swift; sourceTree = "<group>"; };
		5B3A82D7201CE47000D77110 /* Enum.swift */ = {isa = PBXFileReference; lastKnownFileType = sourcecode.swift; path = Enum.swift; sourceTree = "<group>"; };
		5B3A82DA201CE6AA00D77110 /* ErrorManager.swift */ = {isa = PBXFileReference; lastKnownFileType = sourcecode.swift; path = ErrorManager.swift; sourceTree = "<group>"; };
		5B3A82E0201CE8D000D77110 /* Link.swift */ = {isa = PBXFileReference; lastKnownFileType = sourcecode.swift; path = Link.swift; sourceTree = "<group>"; };
		5B3A82E2201CE9D700D77110 /* Game.swift */ = {isa = PBXFileReference; lastKnownFileType = sourcecode.swift; path = Game.swift; sourceTree = "<group>"; };
		5B3A82E5201CEAAD00D77110 /* ElementImage.swift */ = {isa = PBXFileReference; lastKnownFileType = sourcecode.swift; path = ElementImage.swift; sourceTree = "<group>"; };
		5B3A82E7201CEEC700D77110 /* GameViewerChannel.swift */ = {isa = PBXFileReference; lastKnownFileType = sourcecode.swift; path = GameViewerChannel.swift; sourceTree = "<group>"; };
		5B3A82E9201CF04100D77110 /* ListGame.swift */ = {isa = PBXFileReference; lastKnownFileType = sourcecode.swift; path = ListGame.swift; sourceTree = "<group>"; };
		5B3A82EC201CF10400D77110 /* Protocols.swift */ = {isa = PBXFileReference; lastKnownFileType = sourcecode.swift; path = Protocols.swift; sourceTree = "<group>"; };
		5B3A82EE201CF74900D77110 /* ElementImageTest.swift */ = {isa = PBXFileReference; lastKnownFileType = sourcecode.swift; path = ElementImageTest.swift; sourceTree = "<group>"; };
		5B3A82F0201CF75700D77110 /* LinkTest.swift */ = {isa = PBXFileReference; lastKnownFileType = sourcecode.swift; path = LinkTest.swift; sourceTree = "<group>"; };
		5B3A82F2201CF76400D77110 /* GameTest.swift */ = {isa = PBXFileReference; lastKnownFileType = sourcecode.swift; path = GameTest.swift; sourceTree = "<group>"; };
		5B3A82F4201CF77B00D77110 /* GameViewerChannelTest.swift */ = {isa = PBXFileReference; lastKnownFileType = sourcecode.swift; path = GameViewerChannelTest.swift; sourceTree = "<group>"; };
		5B3A82F6201CF78500D77110 /* ListGameTest.swift */ = {isa = PBXFileReference; lastKnownFileType = sourcecode.swift; path = ListGameTest.swift; sourceTree = "<group>"; };
		5B3A82F8201CF7AC00D77110 /* APIManagerTest.swift */ = {isa = PBXFileReference; lastKnownFileType = sourcecode.swift; path = APIManagerTest.swift; sourceTree = "<group>"; };
		5B3A82FA201CF7CE00D77110 /* GeneratorURLTest.swift */ = {isa = PBXFileReference; lastKnownFileType = sourcecode.swift; path = GeneratorURLTest.swift; sourceTree = "<group>"; };
		5B3A82FC201CF7EA00D77110 /* ErrorManagerTest.swift */ = {isa = PBXFileReference; lastKnownFileType = sourcecode.swift; path = ErrorManagerTest.swift; sourceTree = "<group>"; };
		5B3A82FF201D000400D77110 /* CustomViewController.swift */ = {isa = PBXFileReference; lastKnownFileType = sourcecode.swift; path = CustomViewController.swift; sourceTree = "<group>"; };
		5B3A8301201D00BA00D77110 /* ListGameViewController.swift */ = {isa = PBXFileReference; lastKnownFileType = sourcecode.swift; path = ListGameViewController.swift; sourceTree = "<group>"; };
		5B3A8303201D00D400D77110 /* DetailGameViewController.swift */ = {isa = PBXFileReference; lastKnownFileType = sourcecode.swift; path = DetailGameViewController.swift; sourceTree = "<group>"; };
		5B3A8305201D014400D77110 /* ListGameCollectionViewCell.swift */ = {isa = PBXFileReference; lastKnownFileType = sourcecode.swift; path = ListGameCollectionViewCell.swift; sourceTree = "<group>"; };
		5B3A8307201D01D200D77110 /* ListGameViewModel.swift */ = {isa = PBXFileReference; lastKnownFileType = sourcecode.swift; path = ListGameViewModel.swift; sourceTree = "<group>"; };
		5B3A8309201D0ADA00D77110 /* UIViewController.swift */ = {isa = PBXFileReference; lastKnownFileType = sourcecode.swift; path = UIViewController.swift; sourceTree = "<group>"; };
		5B3A830B201D0AEB00D77110 /* UIImage+Kingfisher.swift */ = {isa = PBXFileReference; lastKnownFileType = sourcecode.swift; path = "UIImage+Kingfisher.swift"; sourceTree = "<group>"; };
		5B3A830D201D798700D77110 /* ListGameViewModelTest.swift */ = {isa = PBXFileReference; lastKnownFileType = sourcecode.swift; path = ListGameViewModelTest.swift; sourceTree = "<group>"; };
		5B3A830F201D799400D77110 /* ListGameViewControllerTest.swift */ = {isa = PBXFileReference; lastKnownFileType = sourcecode.swift; path = ListGameViewControllerTest.swift; sourceTree = "<group>"; };
		5B3A8311201D79A900D77110 /* DetailGameViewControllerTest.swift */ = {isa = PBXFileReference; lastKnownFileType = sourcecode.swift; path = DetailGameViewControllerTest.swift; sourceTree = "<group>"; };
		5B3A8314201D987900D77110 /* Spinner.swift */ = {isa = PBXFileReference; lastKnownFileType = sourcecode.swift; path = Spinner.swift; sourceTree = "<group>"; };
		5B3A8317201D9B3500D77110 /* Alert.swift */ = {isa = PBXFileReference; lastKnownFileType = sourcecode.swift; path = Alert.swift; sourceTree = "<group>"; };
		5B3A8319201D9E0100D77110 /* UIColor.swift */ = {isa = PBXFileReference; lastKnownFileType = sourcecode.swift; path = UIColor.swift; sourceTree = "<group>"; };
		5B3A831C201D9EF400D77110 /* DataManager.swift */ = {isa = PBXFileReference; lastKnownFileType = sourcecode.swift; path = DataManager.swift; sourceTree = "<group>"; };
		5B3A831E201D9F3F00D77110 /* LoadData.swift */ = {isa = PBXFileReference; lastKnownFileType = sourcecode.swift; path = LoadData.swift; sourceTree = "<group>"; };
		5B3A8320201D9F4500D77110 /* SaveData.swift */ = {isa = PBXFileReference; lastKnownFileType = sourcecode.swift; path = SaveData.swift; sourceTree = "<group>"; };
		5B3A834F201E8D5C00D77110 /* DeleteData.swift */ = {isa = PBXFileReference; lastKnownFileType = sourcecode.swift; path = DeleteData.swift; sourceTree = "<group>"; };
		5B3A8379201EC78000D77110 /* ListGameDB+CoreDataClass.swift */ = {isa = PBXFileReference; lastKnownFileType = sourcecode.swift; path = "ListGameDB+CoreDataClass.swift"; sourceTree = "<group>"; };
		5B3A837A201EC78000D77110 /* ListGameDB+CoreDataProperties.swift */ = {isa = PBXFileReference; lastKnownFileType = sourcecode.swift; path = "ListGameDB+CoreDataProperties.swift"; sourceTree = "<group>"; };
		5B3A837B201EC78000D77110 /* LinkDB+CoreDataClass.swift */ = {isa = PBXFileReference; lastKnownFileType = sourcecode.swift; path = "LinkDB+CoreDataClass.swift"; sourceTree = "<group>"; };
		5B3A837C201EC78000D77110 /* LinkDB+CoreDataProperties.swift */ = {isa = PBXFileReference; lastKnownFileType = sourcecode.swift; path = "LinkDB+CoreDataProperties.swift"; sourceTree = "<group>"; };
		5B3A837D201EC78000D77110 /* GameDB+CoreDataClass.swift */ = {isa = PBXFileReference; lastKnownFileType = sourcecode.swift; path = "GameDB+CoreDataClass.swift"; sourceTree = "<group>"; };
		5B3A837E201EC78000D77110 /* GameDB+CoreDataProperties.swift */ = {isa = PBXFileReference; lastKnownFileType = sourcecode.swift; path = "GameDB+CoreDataProperties.swift"; sourceTree = "<group>"; };
		5B3A837F201EC78000D77110 /* GameViewerChannelDB+CoreDataClass.swift */ = {isa = PBXFileReference; lastKnownFileType = sourcecode.swift; path = "GameViewerChannelDB+CoreDataClass.swift"; sourceTree = "<group>"; };
		5B3A8380201EC78000D77110 /* GameViewerChannelDB+CoreDataProperties.swift */ = {isa = PBXFileReference; lastKnownFileType = sourcecode.swift; path = "GameViewerChannelDB+CoreDataProperties.swift"; sourceTree = "<group>"; };
		5B3A8381201EC78000D77110 /* ElementImageDB+CoreDataClass.swift */ = {isa = PBXFileReference; lastKnownFileType = sourcecode.swift; path = "ElementImageDB+CoreDataClass.swift"; sourceTree = "<group>"; };
		5B3A8382201EC78000D77110 /* ElementImageDB+CoreDataProperties.swift */ = {isa = PBXFileReference; lastKnownFileType = sourcecode.swift; path = "ElementImageDB+CoreDataProperties.swift"; sourceTree = "<group>"; };
		778B779D864A94E55893309D /* Pods-tGamesUITests.release.xcconfig */ = {isa = PBXFileReference; includeInIndex = 1; lastKnownFileType = text.xcconfig; name = "Pods-tGamesUITests.release.xcconfig"; path = "Pods/Target Support Files/Pods-tGamesUITests/Pods-tGamesUITests.release.xcconfig"; sourceTree = "<group>"; };
		78ABDE167A48F9B60D2029FD /* Pods-tGames.debug.xcconfig */ = {isa = PBXFileReference; includeInIndex = 1; lastKnownFileType = text.xcconfig; name = "Pods-tGames.debug.xcconfig"; path = "Pods/Target Support Files/Pods-tGames/Pods-tGames.debug.xcconfig"; sourceTree = "<group>"; };
		7A9F2E51EA2F7D0B687619D6 /* Pods-tGamesUITests.debug.xcconfig */ = {isa = PBXFileReference; includeInIndex = 1; lastKnownFileType = text.xcconfig; name = "Pods-tGamesUITests.debug.xcconfig"; path = "Pods/Target Support Files/Pods-tGamesUITests/Pods-tGamesUITests.debug.xcconfig"; sourceTree = "<group>"; };
		8DCFFC9471B93F0B3CA6119B /* Pods-tGamesTests.debug.xcconfig */ = {isa = PBXFileReference; includeInIndex = 1; lastKnownFileType = text.xcconfig; name = "Pods-tGamesTests.debug.xcconfig"; path = "Pods/Target Support Files/Pods-tGamesTests/Pods-tGamesTests.debug.xcconfig"; sourceTree = "<group>"; };
		9160646CA7C1D3348CC4435B /* Pods_tGamesUITests.framework */ = {isa = PBXFileReference; explicitFileType = wrapper.framework; includeInIndex = 0; path = Pods_tGamesUITests.framework; sourceTree = BUILT_PRODUCTS_DIR; };
		BD0D97989523A64B5C7E65B7 /* Pods_tGamesTests.framework */ = {isa = PBXFileReference; explicitFileType = wrapper.framework; includeInIndex = 0; path = Pods_tGamesTests.framework; sourceTree = BUILT_PRODUCTS_DIR; };
		ED9DEC615B536CB22A1287E6 /* Pods_tGames.framework */ = {isa = PBXFileReference; explicitFileType = wrapper.framework; includeInIndex = 0; path = Pods_tGames.framework; sourceTree = BUILT_PRODUCTS_DIR; };
		EF1359EA70886A82413BA53D /* Pods-tGamesTests.release.xcconfig */ = {isa = PBXFileReference; includeInIndex = 1; lastKnownFileType = text.xcconfig; name = "Pods-tGamesTests.release.xcconfig"; path = "Pods/Target Support Files/Pods-tGamesTests/Pods-tGamesTests.release.xcconfig"; sourceTree = "<group>"; };
		EF7C6273C9D81883E955F2CE /* Pods-tGames.release.xcconfig */ = {isa = PBXFileReference; includeInIndex = 1; lastKnownFileType = text.xcconfig; name = "Pods-tGames.release.xcconfig"; path = "Pods/Target Support Files/Pods-tGames/Pods-tGames.release.xcconfig"; sourceTree = "<group>"; };
/* End PBXFileReference section */

/* Begin PBXFrameworksBuildPhase section */
		5B3A828F201C3D0200D77110 /* Frameworks */ = {
			isa = PBXFrameworksBuildPhase;
			buildActionMask = 2147483647;
			files = (
				802C937360AB706C9946FA30 /* Pods_tGames.framework in Frameworks */,
			);
			runOnlyForDeploymentPostprocessing = 0;
		};
		5B3A82A6201C3D0200D77110 /* Frameworks */ = {
			isa = PBXFrameworksBuildPhase;
			buildActionMask = 2147483647;
			files = (
				4D681C3B8FD2568ED9DE8707 /* Pods_tGamesTests.framework in Frameworks */,
			);
			runOnlyForDeploymentPostprocessing = 0;
		};
		5B3A82B1201C3D0200D77110 /* Frameworks */ = {
			isa = PBXFrameworksBuildPhase;
			buildActionMask = 2147483647;
			files = (
				1EAA823F2FD32C5CD4725599 /* Pods_tGamesUITests.framework in Frameworks */,
			);
			runOnlyForDeploymentPostprocessing = 0;
		};
/* End PBXFrameworksBuildPhase section */

/* Begin PBXGroup section */
		05791D7563834948044433AC /* Frameworks */ = {
			isa = PBXGroup;
			children = (
				ED9DEC615B536CB22A1287E6 /* Pods_tGames.framework */,
				BD0D97989523A64B5C7E65B7 /* Pods_tGamesTests.framework */,
				9160646CA7C1D3348CC4435B /* Pods_tGamesUITests.framework */,
			);
			name = Frameworks;
			sourceTree = "<group>";
		};
		5B3A8289201C3D0200D77110 = {
			isa = PBXGroup;
			children = (
				5B3A8294201C3D0200D77110 /* tGames */,
				5B3A82AC201C3D0200D77110 /* tGamesTests */,
				5B3A82B7201C3D0200D77110 /* tGamesUITests */,
				5B3A8293201C3D0200D77110 /* Products */,
				740786507A2CD42AFE0BF6AC /* Pods */,
				05791D7563834948044433AC /* Frameworks */,
			);
			sourceTree = "<group>";
		};
		5B3A8293201C3D0200D77110 /* Products */ = {
			isa = PBXGroup;
			children = (
				5B3A8292201C3D0200D77110 /* tGames.app */,
				5B3A82A9201C3D0200D77110 /* tGamesTests.xctest */,
				5B3A82B4201C3D0200D77110 /* tGamesUITests.xctest */,
			);
			name = Products;
			sourceTree = "<group>";
		};
		5B3A8294201C3D0200D77110 /* tGames */ = {
			isa = PBXGroup;
			children = (
				5B3A82CE201CE2F400D77110 /* Utils */,
				5B3A82CD201CE2F000D77110 /* Request */,
				5B3A831B201D9EE000D77110 /* Core Data */,
				5B3A82CC201CE2EE00D77110 /* Models */,
				5B3A82CB201CE2E800D77110 /* Extensions */,
				5B3A82CA201CE2E600D77110 /* ViewModels */,
				5B3A82FE201CFFF600D77110 /* Custom View Controller */,
				5B3A82C9201CE2E100D77110 /* List Games ViewController */,
				5B3A82C8201CE2DE00D77110 /* Detail Game ViewController */,
				5B3A8295201C3D0200D77110 /* AppDelegate.swift */,
				5B3A8299201C3D0200D77110 /* Main.storyboard */,
				5B3A829F201C3D0200D77110 /* Assets.xcassets */,
				5B3A82A1201C3D0200D77110 /* LaunchScreen.storyboard */,
				5B3A82A4201C3D0200D77110 /* Info.plist */,
				5B3A829C201C3D0200D77110 /* tGames.xcdatamodeld */,
			);
			path = tGames;
			sourceTree = "<group>";
		};
		5B3A82AC201C3D0200D77110 /* tGamesTests */ = {
			isa = PBXGroup;
			children = (
				5B3A82AD201C3D0200D77110 /* tGamesTests.swift */,
				5B3A82FA201CF7CE00D77110 /* GeneratorURLTest.swift */,
				5B3A82F8201CF7AC00D77110 /* APIManagerTest.swift */,
				5B3A82FC201CF7EA00D77110 /* ErrorManagerTest.swift */,
				5B3A82AF201C3D0200D77110 /* Info.plist */,
				5B3A82EE201CF74900D77110 /* ElementImageTest.swift */,
				5B3A82F0201CF75700D77110 /* LinkTest.swift */,
				5B3A82F2201CF76400D77110 /* GameTest.swift */,
				5B3A82F4201CF77B00D77110 /* GameViewerChannelTest.swift */,
				5B3A82F6201CF78500D77110 /* ListGameTest.swift */,
				5B3A830D201D798700D77110 /* ListGameViewModelTest.swift */,
				5B3A830F201D799400D77110 /* ListGameViewControllerTest.swift */,
				5B3A8311201D79A900D77110 /* DetailGameViewControllerTest.swift */,
			);
			path = tGamesTests;
			sourceTree = "<group>";
		};
		5B3A82B7201C3D0200D77110 /* tGamesUITests */ = {
			isa = PBXGroup;
			children = (
				5B3A82B8201C3D0200D77110 /* tGamesUITests.swift */,
				5B3A82BA201C3D0200D77110 /* Info.plist */,
			);
			path = tGamesUITests;
			sourceTree = "<group>";
		};
		5B3A82C8201CE2DE00D77110 /* Detail Game ViewController */ = {
			isa = PBXGroup;
			children = (
				5B3A8303201D00D400D77110 /* DetailGameViewController.swift */,
			);
			path = "Detail Game ViewController";
			sourceTree = "<group>";
		};
		5B3A82C9201CE2E100D77110 /* List Games ViewController */ = {
			isa = PBXGroup;
			children = (
				5B3A8301201D00BA00D77110 /* ListGameViewController.swift */,
				5B3A8305201D014400D77110 /* ListGameCollectionViewCell.swift */,
			);
			path = "List Games ViewController";
			sourceTree = "<group>";
		};
		5B3A82CA201CE2E600D77110 /* ViewModels */ = {
			isa = PBXGroup;
			children = (
				5B3A8307201D01D200D77110 /* ListGameViewModel.swift */,
			);
			path = ViewModels;
			sourceTree = "<group>";
		};
		5B3A82CB201CE2E800D77110 /* Extensions */ = {
			isa = PBXGroup;
			children = (
				5B3A8309201D0ADA00D77110 /* UIViewController.swift */,
				5B3A830B201D0AEB00D77110 /* UIImage+Kingfisher.swift */,
				5B3A8319201D9E0100D77110 /* UIColor.swift */,
			);
			path = Extensions;
			sourceTree = "<group>";
		};
		5B3A82CC201CE2EE00D77110 /* Models */ = {
			isa = PBXGroup;
			children = (
				5B3A82EB201CF0F300D77110 /* Protocols */,
				5B3A82E4201CEA9F00D77110 /* Element Image */,
				5B3A82DF201CE8B700D77110 /* Link */,
				5B3A82DD201CE6DA00D77110 /* Game */,
				5B3A82DE201CE6E300D77110 /* Game Viewers Channels */,
				5B3A82DC201CE6D200D77110 /* List Game */,
			);
			path = Models;
			sourceTree = "<group>";
		};
		5B3A82CD201CE2F000D77110 /* Request */ = {
			isa = PBXGroup;
			children = (
				5B3A82CF201CE32F00D77110 /* Request.swift */,
				5B3A82D1201CE34C00D77110 /* APIManager.swift */,
			);
			path = Request;
			sourceTree = "<group>";
		};
		5B3A82CE201CE2F400D77110 /* Utils */ = {
			isa = PBXGroup;
			children = (
				5B3A82D4201CE37400D77110 /* Enum */,
				5B3A82D3201CE37200D77110 /* URL */,
				5B3A82D9201CE69C00D77110 /* Error Control */,
				5B3A8316201D9B2500D77110 /* Spinner */,
				5B3A8313201D983D00D77110 /* Alert */,
			);
			path = Utils;
			sourceTree = "<group>";
		};
		5B3A82D3201CE37200D77110 /* URL */ = {
			isa = PBXGroup;
			children = (
				5B3A82D5201CE3C200D77110 /* GeneratorURL.swift */,
			);
			path = URL;
			sourceTree = "<group>";
		};
		5B3A82D4201CE37400D77110 /* Enum */ = {
			isa = PBXGroup;
			children = (
				5B3A82D7201CE47000D77110 /* Enum.swift */,
			);
			path = Enum;
			sourceTree = "<group>";
		};
		5B3A82D9201CE69C00D77110 /* Error Control */ = {
			isa = PBXGroup;
			children = (
				5B3A82DA201CE6AA00D77110 /* ErrorManager.swift */,
			);
			path = "Error Control";
			sourceTree = "<group>";
		};
		5B3A82DC201CE6D200D77110 /* List Game */ = {
			isa = PBXGroup;
			children = (
				5B3A82E9201CF04100D77110 /* ListGame.swift */,
			);
			path = "List Game";
			sourceTree = "<group>";
		};
		5B3A82DD201CE6DA00D77110 /* Game */ = {
			isa = PBXGroup;
			children = (
				5B3A82E2201CE9D700D77110 /* Game.swift */,
			);
			path = Game;
			sourceTree = "<group>";
		};
		5B3A82DE201CE6E300D77110 /* Game Viewers Channels */ = {
			isa = PBXGroup;
			children = (
				5B3A82E7201CEEC700D77110 /* GameViewerChannel.swift */,
			);
			path = "Game Viewers Channels";
			sourceTree = "<group>";
		};
		5B3A82DF201CE8B700D77110 /* Link */ = {
			isa = PBXGroup;
			children = (
				5B3A82E0201CE8D000D77110 /* Link.swift */,
			);
			path = Link;
			sourceTree = "<group>";
		};
		5B3A82E4201CEA9F00D77110 /* Element Image */ = {
			isa = PBXGroup;
			children = (
				5B3A82E5201CEAAD00D77110 /* ElementImage.swift */,
			);
			path = "Element Image";
			sourceTree = "<group>";
		};
		5B3A82EB201CF0F300D77110 /* Protocols */ = {
			isa = PBXGroup;
			children = (
				5B3A82EC201CF10400D77110 /* Protocols.swift */,
			);
			path = Protocols;
			sourceTree = "<group>";
		};
		5B3A82FE201CFFF600D77110 /* Custom View Controller */ = {
			isa = PBXGroup;
			children = (
				5B3A82FF201D000400D77110 /* CustomViewController.swift */,
			);
			path = "Custom View Controller";
			sourceTree = "<group>";
		};
		5B3A8313201D983D00D77110 /* Alert */ = {
			isa = PBXGroup;
			children = (
				5B3A8317201D9B3500D77110 /* Alert.swift */,
			);
			path = Alert;
			sourceTree = "<group>";
		};
		5B3A8316201D9B2500D77110 /* Spinner */ = {
			isa = PBXGroup;
			children = (
				5B3A8314201D987900D77110 /* Spinner.swift */,
			);
			path = Spinner;
			sourceTree = "<group>";
		};
		5B3A831B201D9EE000D77110 /* Core Data */ = {
			isa = PBXGroup;
			children = (
				5B3A8322201E472900D77110 /* Models */,
				5B3A831C201D9EF400D77110 /* DataManager.swift */,
				5B3A831E201D9F3F00D77110 /* LoadData.swift */,
				5B3A8320201D9F4500D77110 /* SaveData.swift */,
				5B3A834F201E8D5C00D77110 /* DeleteData.swift */,
			);
			path = "Core Data";
			sourceTree = "<group>";
		};
		5B3A8322201E472900D77110 /* Models */ = {
			isa = PBXGroup;
			children = (
				5B3A8379201EC78000D77110 /* ListGameDB+CoreDataClass.swift */,
				5B3A837A201EC78000D77110 /* ListGameDB+CoreDataProperties.swift */,
				5B3A837B201EC78000D77110 /* LinkDB+CoreDataClass.swift */,
				5B3A837C201EC78000D77110 /* LinkDB+CoreDataProperties.swift */,
				5B3A837D201EC78000D77110 /* GameDB+CoreDataClass.swift */,
				5B3A837E201EC78000D77110 /* GameDB+CoreDataProperties.swift */,
				5B3A837F201EC78000D77110 /* GameViewerChannelDB+CoreDataClass.swift */,
				5B3A8380201EC78000D77110 /* GameViewerChannelDB+CoreDataProperties.swift */,
				5B3A8381201EC78000D77110 /* ElementImageDB+CoreDataClass.swift */,
				5B3A8382201EC78000D77110 /* ElementImageDB+CoreDataProperties.swift */,
			);
			path = Models;
			sourceTree = "<group>";
		};
		740786507A2CD42AFE0BF6AC /* Pods */ = {
			isa = PBXGroup;
			children = (
				78ABDE167A48F9B60D2029FD /* Pods-tGames.debug.xcconfig */,
				EF7C6273C9D81883E955F2CE /* Pods-tGames.release.xcconfig */,
				8DCFFC9471B93F0B3CA6119B /* Pods-tGamesTests.debug.xcconfig */,
				EF1359EA70886A82413BA53D /* Pods-tGamesTests.release.xcconfig */,
				7A9F2E51EA2F7D0B687619D6 /* Pods-tGamesUITests.debug.xcconfig */,
				778B779D864A94E55893309D /* Pods-tGamesUITests.release.xcconfig */,
			);
			name = Pods;
			sourceTree = "<group>";
		};
/* End PBXGroup section */

/* Begin PBXNativeTarget section */
		5B3A8291201C3D0200D77110 /* tGames */ = {
			isa = PBXNativeTarget;
			buildConfigurationList = 5B3A82BD201C3D0200D77110 /* Build configuration list for PBXNativeTarget "tGames" */;
			buildPhases = (
				0FA2EFC70B4C3F8F2083C2B5 /* [CP] Check Pods Manifest.lock */,
				5B3A828E201C3D0200D77110 /* Sources */,
				5B3A828F201C3D0200D77110 /* Frameworks */,
				5B3A8290201C3D0200D77110 /* Resources */,
				41802FE8FB6A247647EE0E45 /* [CP] Embed Pods Frameworks */,
				2E7E8FE4727E55C08E9C3ADB /* [CP] Copy Pods Resources */,
			);
			buildRules = (
			);
			dependencies = (
			);
			name = tGames;
			productName = tGames;
			productReference = 5B3A8292201C3D0200D77110 /* tGames.app */;
			productType = "com.apple.product-type.application";
		};
		5B3A82A8201C3D0200D77110 /* tGamesTests */ = {
			isa = PBXNativeTarget;
			buildConfigurationList = 5B3A82C0201C3D0200D77110 /* Build configuration list for PBXNativeTarget "tGamesTests" */;
			buildPhases = (
				4EF9B57DA7413B70171E5F78 /* [CP] Check Pods Manifest.lock */,
				5B3A82A5201C3D0200D77110 /* Sources */,
				5B3A82A6201C3D0200D77110 /* Frameworks */,
				5B3A82A7201C3D0200D77110 /* Resources */,
				894971EBF76EC7D44A03848E /* [CP] Embed Pods Frameworks */,
				441E1CDDE4A601F688D58864 /* [CP] Copy Pods Resources */,
			);
			buildRules = (
			);
			dependencies = (
				5B3A82AB201C3D0200D77110 /* PBXTargetDependency */,
			);
			name = tGamesTests;
			productName = tGamesTests;
			productReference = 5B3A82A9201C3D0200D77110 /* tGamesTests.xctest */;
			productType = "com.apple.product-type.bundle.unit-test";
		};
		5B3A82B3201C3D0200D77110 /* tGamesUITests */ = {
			isa = PBXNativeTarget;
			buildConfigurationList = 5B3A82C3201C3D0200D77110 /* Build configuration list for PBXNativeTarget "tGamesUITests" */;
			buildPhases = (
				8DDA8F8C8610736512D448D4 /* [CP] Check Pods Manifest.lock */,
				5B3A82B0201C3D0200D77110 /* Sources */,
				5B3A82B1201C3D0200D77110 /* Frameworks */,
				5B3A82B2201C3D0200D77110 /* Resources */,
				2D67472972F4F1D959BB8CFD /* [CP] Embed Pods Frameworks */,
				7BF52D482F6E386E0865BBDA /* [CP] Copy Pods Resources */,
			);
			buildRules = (
			);
			dependencies = (
				5B3A82B6201C3D0200D77110 /* PBXTargetDependency */,
			);
			name = tGamesUITests;
			productName = tGamesUITests;
			productReference = 5B3A82B4201C3D0200D77110 /* tGamesUITests.xctest */;
			productType = "com.apple.product-type.bundle.ui-testing";
		};
/* End PBXNativeTarget section */

/* Begin PBXProject section */
		5B3A828A201C3D0200D77110 /* Project object */ = {
			isa = PBXProject;
			attributes = {
				LastSwiftUpdateCheck = 0920;
				LastUpgradeCheck = 0920;
				ORGANIZATIONNAME = "Rodrigo Miyashiro";
				TargetAttributes = {
					5B3A8291201C3D0200D77110 = {
						CreatedOnToolsVersion = 9.2;
						ProvisioningStyle = Automatic;
					};
					5B3A82A8201C3D0200D77110 = {
						CreatedOnToolsVersion = 9.2;
						ProvisioningStyle = Automatic;
						TestTargetID = 5B3A8291201C3D0200D77110;
					};
					5B3A82B3201C3D0200D77110 = {
						CreatedOnToolsVersion = 9.2;
						ProvisioningStyle = Automatic;
						TestTargetID = 5B3A8291201C3D0200D77110;
					};
				};
			};
			buildConfigurationList = 5B3A828D201C3D0200D77110 /* Build configuration list for PBXProject "tGames" */;
			compatibilityVersion = "Xcode 8.0";
			developmentRegion = en;
			hasScannedForEncodings = 0;
			knownRegions = (
				en,
				Base,
			);
			mainGroup = 5B3A8289201C3D0200D77110;
			productRefGroup = 5B3A8293201C3D0200D77110 /* Products */;
			projectDirPath = "";
			projectRoot = "";
			targets = (
				5B3A8291201C3D0200D77110 /* tGames */,
				5B3A82A8201C3D0200D77110 /* tGamesTests */,
				5B3A82B3201C3D0200D77110 /* tGamesUITests */,
			);
		};
/* End PBXProject section */

/* Begin PBXResourcesBuildPhase section */
		5B3A8290201C3D0200D77110 /* Resources */ = {
			isa = PBXResourcesBuildPhase;
			buildActionMask = 2147483647;
			files = (
				5B3A82A3201C3D0200D77110 /* LaunchScreen.storyboard in Resources */,
				5B3A82A0201C3D0200D77110 /* Assets.xcassets in Resources */,
				5B3A829B201C3D0200D77110 /* Main.storyboard in Resources */,
			);
			runOnlyForDeploymentPostprocessing = 0;
		};
		5B3A82A7201C3D0200D77110 /* Resources */ = {
			isa = PBXResourcesBuildPhase;
			buildActionMask = 2147483647;
			files = (
			);
			runOnlyForDeploymentPostprocessing = 0;
		};
		5B3A82B2201C3D0200D77110 /* Resources */ = {
			isa = PBXResourcesBuildPhase;
			buildActionMask = 2147483647;
			files = (
			);
			runOnlyForDeploymentPostprocessing = 0;
		};
/* End PBXResourcesBuildPhase section */

/* Begin PBXShellScriptBuildPhase section */
		0FA2EFC70B4C3F8F2083C2B5 /* [CP] Check Pods Manifest.lock */ = {
			isa = PBXShellScriptBuildPhase;
			buildActionMask = 2147483647;
			files = (
			);
			inputPaths = (
				"${PODS_PODFILE_DIR_PATH}/Podfile.lock",
				"${PODS_ROOT}/Manifest.lock",
			);
			name = "[CP] Check Pods Manifest.lock";
			outputPaths = (
				"$(DERIVED_FILE_DIR)/Pods-tGames-checkManifestLockResult.txt",
			);
			runOnlyForDeploymentPostprocessing = 0;
			shellPath = /bin/sh;
			shellScript = "diff \"${PODS_PODFILE_DIR_PATH}/Podfile.lock\" \"${PODS_ROOT}/Manifest.lock\" > /dev/null\nif [ $? != 0 ] ; then\n    # print error to STDERR\n    echo \"error: The sandbox is not in sync with the Podfile.lock. Run 'pod install' or update your CocoaPods installation.\" >&2\n    exit 1\nfi\n# This output is used by Xcode 'outputs' to avoid re-running this script phase.\necho \"SUCCESS\" > \"${SCRIPT_OUTPUT_FILE_0}\"\n";
			showEnvVarsInLog = 0;
		};
		2D67472972F4F1D959BB8CFD /* [CP] Embed Pods Frameworks */ = {
			isa = PBXShellScriptBuildPhase;
			buildActionMask = 2147483647;
			files = (
			);
			inputPaths = (
				"${SRCROOT}/Pods/Target Support Files/Pods-tGamesUITests/Pods-tGamesUITests-frameworks.sh",
				"${BUILT_PRODUCTS_DIR}/Nimble/Nimble.framework",
				"${BUILT_PRODUCTS_DIR}/Quick/Quick.framework",
			);
			name = "[CP] Embed Pods Frameworks";
			outputPaths = (
				"${TARGET_BUILD_DIR}/${FRAMEWORKS_FOLDER_PATH}/Nimble.framework",
				"${TARGET_BUILD_DIR}/${FRAMEWORKS_FOLDER_PATH}/Quick.framework",
			);
			runOnlyForDeploymentPostprocessing = 0;
			shellPath = /bin/sh;
			shellScript = "\"${SRCROOT}/Pods/Target Support Files/Pods-tGamesUITests/Pods-tGamesUITests-frameworks.sh\"\n";
			showEnvVarsInLog = 0;
		};
		2E7E8FE4727E55C08E9C3ADB /* [CP] Copy Pods Resources */ = {
			isa = PBXShellScriptBuildPhase;
			buildActionMask = 2147483647;
			files = (
			);
			inputPaths = (
			);
			name = "[CP] Copy Pods Resources";
			outputPaths = (
			);
			runOnlyForDeploymentPostprocessing = 0;
			shellPath = /bin/sh;
			shellScript = "\"${SRCROOT}/Pods/Target Support Files/Pods-tGames/Pods-tGames-resources.sh\"\n";
			showEnvVarsInLog = 0;
		};
		41802FE8FB6A247647EE0E45 /* [CP] Embed Pods Frameworks */ = {
			isa = PBXShellScriptBuildPhase;
			buildActionMask = 2147483647;
			files = (
			);
			inputPaths = (
				"${SRCROOT}/Pods/Target Support Files/Pods-tGames/Pods-tGames-frameworks.sh",
				"${BUILT_PRODUCTS_DIR}/Alamofire/Alamofire.framework",
				"${BUILT_PRODUCTS_DIR}/Kingfisher/Kingfisher.framework",
				"${BUILT_PRODUCTS_DIR}/SwiftyJSON/SwiftyJSON.framework",
				"${BUILT_PRODUCTS_DIR}/UIScrollView-InfiniteScroll/UIScrollView_InfiniteScroll.framework",
			);
			name = "[CP] Embed Pods Frameworks";
			outputPaths = (
				"${TARGET_BUILD_DIR}/${FRAMEWORKS_FOLDER_PATH}/Alamofire.framework",
				"${TARGET_BUILD_DIR}/${FRAMEWORKS_FOLDER_PATH}/Kingfisher.framework",
				"${TARGET_BUILD_DIR}/${FRAMEWORKS_FOLDER_PATH}/SwiftyJSON.framework",
				"${TARGET_BUILD_DIR}/${FRAMEWORKS_FOLDER_PATH}/UIScrollView_InfiniteScroll.framework",
			);
			runOnlyForDeploymentPostprocessing = 0;
			shellPath = /bin/sh;
			shellScript = "\"${SRCROOT}/Pods/Target Support Files/Pods-tGames/Pods-tGames-frameworks.sh\"\n";
			showEnvVarsInLog = 0;
		};
		441E1CDDE4A601F688D58864 /* [CP] Copy Pods Resources */ = {
			isa = PBXShellScriptBuildPhase;
			buildActionMask = 2147483647;
			files = (
			);
			inputPaths = (
			);
			name = "[CP] Copy Pods Resources";
			outputPaths = (
			);
			runOnlyForDeploymentPostprocessing = 0;
			shellPath = /bin/sh;
			shellScript = "\"${SRCROOT}/Pods/Target Support Files/Pods-tGamesTests/Pods-tGamesTests-resources.sh\"\n";
			showEnvVarsInLog = 0;
		};
		4EF9B57DA7413B70171E5F78 /* [CP] Check Pods Manifest.lock */ = {
			isa = PBXShellScriptBuildPhase;
			buildActionMask = 2147483647;
			files = (
			);
			inputPaths = (
				"${PODS_PODFILE_DIR_PATH}/Podfile.lock",
				"${PODS_ROOT}/Manifest.lock",
			);
			name = "[CP] Check Pods Manifest.lock";
			outputPaths = (
				"$(DERIVED_FILE_DIR)/Pods-tGamesTests-checkManifestLockResult.txt",
			);
			runOnlyForDeploymentPostprocessing = 0;
			shellPath = /bin/sh;
			shellScript = "diff \"${PODS_PODFILE_DIR_PATH}/Podfile.lock\" \"${PODS_ROOT}/Manifest.lock\" > /dev/null\nif [ $? != 0 ] ; then\n    # print error to STDERR\n    echo \"error: The sandbox is not in sync with the Podfile.lock. Run 'pod install' or update your CocoaPods installation.\" >&2\n    exit 1\nfi\n# This output is used by Xcode 'outputs' to avoid re-running this script phase.\necho \"SUCCESS\" > \"${SCRIPT_OUTPUT_FILE_0}\"\n";
			showEnvVarsInLog = 0;
		};
		7BF52D482F6E386E0865BBDA /* [CP] Copy Pods Resources */ = {
			isa = PBXShellScriptBuildPhase;
			buildActionMask = 2147483647;
			files = (
			);
			inputPaths = (
			);
			name = "[CP] Copy Pods Resources";
			outputPaths = (
			);
			runOnlyForDeploymentPostprocessing = 0;
			shellPath = /bin/sh;
			shellScript = "\"${SRCROOT}/Pods/Target Support Files/Pods-tGamesUITests/Pods-tGamesUITests-resources.sh\"\n";
			showEnvVarsInLog = 0;
		};
		894971EBF76EC7D44A03848E /* [CP] Embed Pods Frameworks */ = {
			isa = PBXShellScriptBuildPhase;
			buildActionMask = 2147483647;
			files = (
			);
			inputPaths = (
				"${SRCROOT}/Pods/Target Support Files/Pods-tGamesTests/Pods-tGamesTests-frameworks.sh",
				"${BUILT_PRODUCTS_DIR}/Nimble/Nimble.framework",
				"${BUILT_PRODUCTS_DIR}/Quick/Quick.framework",
			);
			name = "[CP] Embed Pods Frameworks";
			outputPaths = (
				"${TARGET_BUILD_DIR}/${FRAMEWORKS_FOLDER_PATH}/Nimble.framework",
				"${TARGET_BUILD_DIR}/${FRAMEWORKS_FOLDER_PATH}/Quick.framework",
			);
			runOnlyForDeploymentPostprocessing = 0;
			shellPath = /bin/sh;
			shellScript = "\"${SRCROOT}/Pods/Target Support Files/Pods-tGamesTests/Pods-tGamesTests-frameworks.sh\"\n";
			showEnvVarsInLog = 0;
		};
		8DDA8F8C8610736512D448D4 /* [CP] Check Pods Manifest.lock */ = {
			isa = PBXShellScriptBuildPhase;
			buildActionMask = 2147483647;
			files = (
			);
			inputPaths = (
				"${PODS_PODFILE_DIR_PATH}/Podfile.lock",
				"${PODS_ROOT}/Manifest.lock",
			);
			name = "[CP] Check Pods Manifest.lock";
			outputPaths = (
				"$(DERIVED_FILE_DIR)/Pods-tGamesUITests-checkManifestLockResult.txt",
			);
			runOnlyForDeploymentPostprocessing = 0;
			shellPath = /bin/sh;
			shellScript = "diff \"${PODS_PODFILE_DIR_PATH}/Podfile.lock\" \"${PODS_ROOT}/Manifest.lock\" > /dev/null\nif [ $? != 0 ] ; then\n    # print error to STDERR\n    echo \"error: The sandbox is not in sync with the Podfile.lock. Run 'pod install' or update your CocoaPods installation.\" >&2\n    exit 1\nfi\n# This output is used by Xcode 'outputs' to avoid re-running this script phase.\necho \"SUCCESS\" > \"${SCRIPT_OUTPUT_FILE_0}\"\n";
			showEnvVarsInLog = 0;
		};
/* End PBXShellScriptBuildPhase section */

/* Begin PBXSourcesBuildPhase section */
		5B3A828E201C3D0200D77110 /* Sources */ = {
			isa = PBXSourcesBuildPhase;
			buildActionMask = 2147483647;
			files = (
				5B3A82E6201CEAAD00D77110 /* ElementImage.swift in Sources */,
				5B3A838C201EC78000D77110 /* ElementImageDB+CoreDataProperties.swift in Sources */,
				5B3A8383201EC78000D77110 /* ListGameDB+CoreDataClass.swift in Sources */,
				5B3A831F201D9F3F00D77110 /* LoadData.swift in Sources */,
				5B3A8321201D9F4500D77110 /* SaveData.swift in Sources */,
				5B3A838B201EC78000D77110 /* ElementImageDB+CoreDataClass.swift in Sources */,
				5B3A831D201D9EF400D77110 /* DataManager.swift in Sources */,
				5B3A8384201EC78000D77110 /* ListGameDB+CoreDataProperties.swift in Sources */,
				5B3A82E3201CE9D700D77110 /* Game.swift in Sources */,
				5B3A82EA201CF04100D77110 /* ListGame.swift in Sources */,
				5B3A8304201D00D400D77110 /* DetailGameViewController.swift in Sources */,
				5B3A82D0201CE32F00D77110 /* Request.swift in Sources */,
				5B3A82DB201CE6AA00D77110 /* ErrorManager.swift in Sources */,
				5B3A82D2201CE34C00D77110 /* APIManager.swift in Sources */,
				5B3A82D6201CE3C200D77110 /* GeneratorURL.swift in Sources */,
				5B3A8318201D9B3500D77110 /* Alert.swift in Sources */,
				5B3A82E8201CEEC700D77110 /* GameViewerChannel.swift in Sources */,
				5B3A8385201EC78000D77110 /* LinkDB+CoreDataClass.swift in Sources */,
				5B3A8386201EC78000D77110 /* LinkDB+CoreDataProperties.swift in Sources */,
				5B3A838A201EC78000D77110 /* GameViewerChannelDB+CoreDataProperties.swift in Sources */,
				5B3A831A201D9E0100D77110 /* UIColor.swift in Sources */,
				5B3A830C201D0AEB00D77110 /* UIImage+Kingfisher.swift in Sources */,
				5B3A8315201D987900D77110 /* Spinner.swift in Sources */,
				5B3A8388201EC78000D77110 /* GameDB+CoreDataProperties.swift in Sources */,
				5B3A82ED201CF10400D77110 /* Protocols.swift in Sources */,
				5B3A82D8201CE47000D77110 /* Enum.swift in Sources */,
				5B3A82E1201CE8D000D77110 /* Link.swift in Sources */,
				5B3A8302201D00BA00D77110 /* ListGameViewController.swift in Sources */,
				5B3A830A201D0ADA00D77110 /* UIViewController.swift in Sources */,
				5B3A8387201EC78000D77110 /* GameDB+CoreDataClass.swift in Sources */,
				5B3A8350201E8D5C00D77110 /* DeleteData.swift in Sources */,
				5B3A8306201D014400D77110 /* ListGameCollectionViewCell.swift in Sources */,
				5B3A8389201EC78000D77110 /* GameViewerChannelDB+CoreDataClass.swift in Sources */,
				5B3A8308201D01D200D77110 /* ListGameViewModel.swift in Sources */,
				5B3A8300201D000400D77110 /* CustomViewController.swift in Sources */,
				5B3A829E201C3D0200D77110 /* tGames.xcdatamodeld in Sources */,
				5B3A8296201C3D0200D77110 /* AppDelegate.swift in Sources */,
			);
			runOnlyForDeploymentPostprocessing = 0;
		};
		5B3A82A5201C3D0200D77110 /* Sources */ = {
			isa = PBXSourcesBuildPhase;
			buildActionMask = 2147483647;
			files = (
				5B3A82EF201CF74900D77110 /* ElementImageTest.swift in Sources */,
				5B3A82F9201CF7AC00D77110 /* APIManagerTest.swift in Sources */,
				5B3A830E201D798700D77110 /* ListGameViewModelTest.swift in Sources */,
				5B3A8310201D799400D77110 /* ListGameViewControllerTest.swift in Sources */,
				5B3A82AE201C3D0200D77110 /* tGamesTests.swift in Sources */,
				5B3A8312201D79A900D77110 /* DetailGameViewControllerTest.swift in Sources */,
				5B3A82FB201CF7CE00D77110 /* GeneratorURLTest.swift in Sources */,
				5B3A82F1201CF75700D77110 /* LinkTest.swift in Sources */,
				5B3A82F3201CF76400D77110 /* GameTest.swift in Sources */,
				5B3A82F5201CF77B00D77110 /* GameViewerChannelTest.swift in Sources */,
				5B3A82FD201CF7EA00D77110 /* ErrorManagerTest.swift in Sources */,
				5B3A82F7201CF78500D77110 /* ListGameTest.swift in Sources */,
			);
			runOnlyForDeploymentPostprocessing = 0;
		};
		5B3A82B0201C3D0200D77110 /* Sources */ = {
			isa = PBXSourcesBuildPhase;
			buildActionMask = 2147483647;
			files = (
				5B3A82B9201C3D0200D77110 /* tGamesUITests.swift in Sources */,
			);
			runOnlyForDeploymentPostprocessing = 0;
		};
/* End PBXSourcesBuildPhase section */

/* Begin PBXTargetDependency section */
		5B3A82AB201C3D0200D77110 /* PBXTargetDependency */ = {
			isa = PBXTargetDependency;
			target = 5B3A8291201C3D0200D77110 /* tGames */;
			targetProxy = 5B3A82AA201C3D0200D77110 /* PBXContainerItemProxy */;
		};
		5B3A82B6201C3D0200D77110 /* PBXTargetDependency */ = {
			isa = PBXTargetDependency;
			target = 5B3A8291201C3D0200D77110 /* tGames */;
			targetProxy = 5B3A82B5201C3D0200D77110 /* PBXContainerItemProxy */;
		};
/* End PBXTargetDependency section */

/* Begin PBXVariantGroup section */
		5B3A8299201C3D0200D77110 /* Main.storyboard */ = {
			isa = PBXVariantGroup;
			children = (
				5B3A829A201C3D0200D77110 /* Base */,
			);
			name = Main.storyboard;
			sourceTree = "<group>";
		};
		5B3A82A1201C3D0200D77110 /* LaunchScreen.storyboard */ = {
			isa = PBXVariantGroup;
			children = (
				5B3A82A2201C3D0200D77110 /* Base */,
			);
			name = LaunchScreen.storyboard;
			sourceTree = "<group>";
		};
/* End PBXVariantGroup section */

/* Begin XCBuildConfiguration section */
		5B3A82BB201C3D0200D77110 /* Debug */ = {
			isa = XCBuildConfiguration;
			buildSettings = {
				ALWAYS_SEARCH_USER_PATHS = NO;
				CLANG_ANALYZER_NONNULL = YES;
				CLANG_ANALYZER_NUMBER_OBJECT_CONVERSION = YES_AGGRESSIVE;
				CLANG_CXX_LANGUAGE_STANDARD = "gnu++14";
				CLANG_CXX_LIBRARY = "libc++";
				CLANG_ENABLE_MODULES = YES;
				CLANG_ENABLE_OBJC_ARC = YES;
				CLANG_WARN_BLOCK_CAPTURE_AUTORELEASING = YES;
				CLANG_WARN_BOOL_CONVERSION = YES;
				CLANG_WARN_COMMA = YES;
				CLANG_WARN_CONSTANT_CONVERSION = YES;
				CLANG_WARN_DIRECT_OBJC_ISA_USAGE = YES_ERROR;
				CLANG_WARN_DOCUMENTATION_COMMENTS = YES;
				CLANG_WARN_EMPTY_BODY = YES;
				CLANG_WARN_ENUM_CONVERSION = YES;
				CLANG_WARN_INFINITE_RECURSION = YES;
				CLANG_WARN_INT_CONVERSION = YES;
				CLANG_WARN_NON_LITERAL_NULL_CONVERSION = YES;
				CLANG_WARN_OBJC_LITERAL_CONVERSION = YES;
				CLANG_WARN_OBJC_ROOT_CLASS = YES_ERROR;
				CLANG_WARN_RANGE_LOOP_ANALYSIS = YES;
				CLANG_WARN_STRICT_PROTOTYPES = YES;
				CLANG_WARN_SUSPICIOUS_MOVE = YES;
				CLANG_WARN_UNGUARDED_AVAILABILITY = YES_AGGRESSIVE;
				CLANG_WARN_UNREACHABLE_CODE = YES;
				CLANG_WARN__DUPLICATE_METHOD_MATCH = YES;
				CODE_SIGN_IDENTITY = "iPhone Developer";
				COPY_PHASE_STRIP = NO;
				DEBUG_INFORMATION_FORMAT = dwarf;
				ENABLE_STRICT_OBJC_MSGSEND = YES;
				ENABLE_TESTABILITY = YES;
				GCC_C_LANGUAGE_STANDARD = gnu11;
				GCC_DYNAMIC_NO_PIC = NO;
				GCC_NO_COMMON_BLOCKS = YES;
				GCC_OPTIMIZATION_LEVEL = 0;
				GCC_PREPROCESSOR_DEFINITIONS = (
					"DEBUG=1",
					"$(inherited)",
				);
				GCC_WARN_64_TO_32_BIT_CONVERSION = YES;
				GCC_WARN_ABOUT_RETURN_TYPE = YES_ERROR;
				GCC_WARN_UNDECLARED_SELECTOR = YES;
				GCC_WARN_UNINITIALIZED_AUTOS = YES_AGGRESSIVE;
				GCC_WARN_UNUSED_FUNCTION = YES;
				GCC_WARN_UNUSED_VARIABLE = YES;
				IPHONEOS_DEPLOYMENT_TARGET = 10.0;
				MTL_ENABLE_DEBUG_INFO = YES;
				ONLY_ACTIVE_ARCH = YES;
				SDKROOT = iphoneos;
				SWIFT_ACTIVE_COMPILATION_CONDITIONS = DEBUG;
				SWIFT_OPTIMIZATION_LEVEL = "-Onone";
			};
			name = Debug;
		};
		5B3A82BC201C3D0200D77110 /* Release */ = {
			isa = XCBuildConfiguration;
			buildSettings = {
				ALWAYS_SEARCH_USER_PATHS = NO;
				CLANG_ANALYZER_NONNULL = YES;
				CLANG_ANALYZER_NUMBER_OBJECT_CONVERSION = YES_AGGRESSIVE;
				CLANG_CXX_LANGUAGE_STANDARD = "gnu++14";
				CLANG_CXX_LIBRARY = "libc++";
				CLANG_ENABLE_MODULES = YES;
				CLANG_ENABLE_OBJC_ARC = YES;
				CLANG_WARN_BLOCK_CAPTURE_AUTORELEASING = YES;
				CLANG_WARN_BOOL_CONVERSION = YES;
				CLANG_WARN_COMMA = YES;
				CLANG_WARN_CONSTANT_CONVERSION = YES;
				CLANG_WARN_DIRECT_OBJC_ISA_USAGE = YES_ERROR;
				CLANG_WARN_DOCUMENTATION_COMMENTS = YES;
				CLANG_WARN_EMPTY_BODY = YES;
				CLANG_WARN_ENUM_CONVERSION = YES;
				CLANG_WARN_INFINITE_RECURSION = YES;
				CLANG_WARN_INT_CONVERSION = YES;
				CLANG_WARN_NON_LITERAL_NULL_CONVERSION = YES;
				CLANG_WARN_OBJC_LITERAL_CONVERSION = YES;
				CLANG_WARN_OBJC_ROOT_CLASS = YES_ERROR;
				CLANG_WARN_RANGE_LOOP_ANALYSIS = YES;
				CLANG_WARN_STRICT_PROTOTYPES = YES;
				CLANG_WARN_SUSPICIOUS_MOVE = YES;
				CLANG_WARN_UNGUARDED_AVAILABILITY = YES_AGGRESSIVE;
				CLANG_WARN_UNREACHABLE_CODE = YES;
				CLANG_WARN__DUPLICATE_METHOD_MATCH = YES;
				CODE_SIGN_IDENTITY = "iPhone Developer";
				COPY_PHASE_STRIP = NO;
				DEBUG_INFORMATION_FORMAT = "dwarf-with-dsym";
				ENABLE_NS_ASSERTIONS = NO;
				ENABLE_STRICT_OBJC_MSGSEND = YES;
				GCC_C_LANGUAGE_STANDARD = gnu11;
				GCC_NO_COMMON_BLOCKS = YES;
				GCC_WARN_64_TO_32_BIT_CONVERSION = YES;
				GCC_WARN_ABOUT_RETURN_TYPE = YES_ERROR;
				GCC_WARN_UNDECLARED_SELECTOR = YES;
				GCC_WARN_UNINITIALIZED_AUTOS = YES_AGGRESSIVE;
				GCC_WARN_UNUSED_FUNCTION = YES;
				GCC_WARN_UNUSED_VARIABLE = YES;
				IPHONEOS_DEPLOYMENT_TARGET = 10.0;
				MTL_ENABLE_DEBUG_INFO = NO;
				SDKROOT = iphoneos;
				SWIFT_OPTIMIZATION_LEVEL = "-Owholemodule";
				VALIDATE_PRODUCT = YES;
			};
			name = Release;
		};
		5B3A82BE201C3D0200D77110 /* Debug */ = {
			isa = XCBuildConfiguration;
			baseConfigurationReference = 78ABDE167A48F9B60D2029FD /* Pods-tGames.debug.xcconfig */;
			buildSettings = {
				ASSETCATALOG_COMPILER_APPICON_NAME = AppIcon;
				CODE_SIGN_STYLE = Automatic;
				DEVELOPMENT_TEAM = 4DRM7LH39Z;
				INFOPLIST_FILE = tGames/Info.plist;
				LD_RUNPATH_SEARCH_PATHS = "$(inherited) @executable_path/Frameworks";
				PRODUCT_BUNDLE_IDENTIFIER = com.rmiyashiro.tGames;
				PRODUCT_NAME = "$(TARGET_NAME)";
				SWIFT_VERSION = 4.0;
				TARGETED_DEVICE_FAMILY = "1,2";
			};
			name = Debug;
		};
		5B3A82BF201C3D0200D77110 /* Release */ = {
			isa = XCBuildConfiguration;
			baseConfigurationReference = EF7C6273C9D81883E955F2CE /* Pods-tGames.release.xcconfig */;
			buildSettings = {
				ASSETCATALOG_COMPILER_APPICON_NAME = AppIcon;
				CODE_SIGN_STYLE = Automatic;
				DEVELOPMENT_TEAM = 4DRM7LH39Z;
				INFOPLIST_FILE = tGames/Info.plist;
				LD_RUNPATH_SEARCH_PATHS = "$(inherited) @executable_path/Frameworks";
				PRODUCT_BUNDLE_IDENTIFIER = com.rmiyashiro.tGames;
				PRODUCT_NAME = "$(TARGET_NAME)";
				SWIFT_VERSION = 4.0;
				TARGETED_DEVICE_FAMILY = "1,2";
			};
			name = Release;
		};
		5B3A82C1201C3D0200D77110 /* Debug */ = {
			isa = XCBuildConfiguration;
			baseConfigurationReference = 8DCFFC9471B93F0B3CA6119B /* Pods-tGamesTests.debug.xcconfig */;
			buildSettings = {
				ALWAYS_EMBED_SWIFT_STANDARD_LIBRARIES = YES;
				BUNDLE_LOADER = "$(TEST_HOST)";
				CODE_SIGN_STYLE = Automatic;
				DEVELOPMENT_TEAM = 4DRM7LH39Z;
				INFOPLIST_FILE = tGamesTests/Info.plist;
				LD_RUNPATH_SEARCH_PATHS = "$(inherited) @executable_path/Frameworks @loader_path/Frameworks";
				PRODUCT_BUNDLE_IDENTIFIER = com.rmiyashiro.tGamesTests;
				PRODUCT_NAME = "$(TARGET_NAME)";
				SWIFT_VERSION = 4.0;
				TARGETED_DEVICE_FAMILY = "1,2";
				TEST_HOST = "$(BUILT_PRODUCTS_DIR)/tGames.app/tGames";
			};
			name = Debug;
		};
		5B3A82C2201C3D0200D77110 /* Release */ = {
			isa = XCBuildConfiguration;
			baseConfigurationReference = EF1359EA70886A82413BA53D /* Pods-tGamesTests.release.xcconfig */;
			buildSettings = {
				ALWAYS_EMBED_SWIFT_STANDARD_LIBRARIES = YES;
				BUNDLE_LOADER = "$(TEST_HOST)";
				CODE_SIGN_STYLE = Automatic;
				DEVELOPMENT_TEAM = 4DRM7LH39Z;
				INFOPLIST_FILE = tGamesTests/Info.plist;
				LD_RUNPATH_SEARCH_PATHS = "$(inherited) @executable_path/Frameworks @loader_path/Frameworks";
				PRODUCT_BUNDLE_IDENTIFIER = com.rmiyashiro.tGamesTests;
				PRODUCT_NAME = "$(TARGET_NAME)";
				SWIFT_VERSION = 4.0;
				TARGETED_DEVICE_FAMILY = "1,2";
				TEST_HOST = "$(BUILT_PRODUCTS_DIR)/tGames.app/tGames";
			};
			name = Release;
		};
		5B3A82C4201C3D0200D77110 /* Debug */ = {
			isa = XCBuildConfiguration;
			baseConfigurationReference = 7A9F2E51EA2F7D0B687619D6 /* Pods-tGamesUITests.debug.xcconfig */;
			buildSettings = {
				ALWAYS_EMBED_SWIFT_STANDARD_LIBRARIES = YES;
				CODE_SIGN_STYLE = Automatic;
				DEVELOPMENT_TEAM = 4DRM7LH39Z;
				INFOPLIST_FILE = tGamesUITests/Info.plist;
				LD_RUNPATH_SEARCH_PATHS = "$(inherited) @executable_path/Frameworks @loader_path/Frameworks";
				PRODUCT_BUNDLE_IDENTIFIER = com.rmiyashiro.tGamesUITests;
				PRODUCT_NAME = "$(TARGET_NAME)";
				SWIFT_VERSION = 4.0;
				TARGETED_DEVICE_FAMILY = "1,2";
				TEST_TARGET_NAME = tGames;
			};
			name = Debug;
		};
		5B3A82C5201C3D0200D77110 /* Release */ = {
			isa = XCBuildConfiguration;
			baseConfigurationReference = 778B779D864A94E55893309D /* Pods-tGamesUITests.release.xcconfig */;
			buildSettings = {
				ALWAYS_EMBED_SWIFT_STANDARD_LIBRARIES = YES;
				CODE_SIGN_STYLE = Automatic;
				DEVELOPMENT_TEAM = 4DRM7LH39Z;
				INFOPLIST_FILE = tGamesUITests/Info.plist;
				LD_RUNPATH_SEARCH_PATHS = "$(inherited) @executable_path/Frameworks @loader_path/Frameworks";
				PRODUCT_BUNDLE_IDENTIFIER = com.rmiyashiro.tGamesUITests;
				PRODUCT_NAME = "$(TARGET_NAME)";
				SWIFT_VERSION = 4.0;
				TARGETED_DEVICE_FAMILY = "1,2";
				TEST_TARGET_NAME = tGames;
			};
			name = Release;
		};
/* End XCBuildConfiguration section */

/* Begin XCConfigurationList section */
		5B3A828D201C3D0200D77110 /* Build configuration list for PBXProject "tGames" */ = {
			isa = XCConfigurationList;
			buildConfigurations = (
				5B3A82BB201C3D0200D77110 /* Debug */,
				5B3A82BC201C3D0200D77110 /* Release */,
			);
			defaultConfigurationIsVisible = 0;
			defaultConfigurationName = Release;
		};
		5B3A82BD201C3D0200D77110 /* Build configuration list for PBXNativeTarget "tGames" */ = {
			isa = XCConfigurationList;
			buildConfigurations = (
				5B3A82BE201C3D0200D77110 /* Debug */,
				5B3A82BF201C3D0200D77110 /* Release */,
			);
			defaultConfigurationIsVisible = 0;
			defaultConfigurationName = Release;
		};
		5B3A82C0201C3D0200D77110 /* Build configuration list for PBXNativeTarget "tGamesTests" */ = {
			isa = XCConfigurationList;
			buildConfigurations = (
				5B3A82C1201C3D0200D77110 /* Debug */,
				5B3A82C2201C3D0200D77110 /* Release */,
			);
			defaultConfigurationIsVisible = 0;
			defaultConfigurationName = Release;
		};
		5B3A82C3201C3D0200D77110 /* Build configuration list for PBXNativeTarget "tGamesUITests" */ = {
			isa = XCConfigurationList;
			buildConfigurations = (
				5B3A82C4201C3D0200D77110 /* Debug */,
				5B3A82C5201C3D0200D77110 /* Release */,
			);
			defaultConfigurationIsVisible = 0;
			defaultConfigurationName = Release;
		};
/* End XCConfigurationList section */

/* Begin XCVersionGroup section */
		5B3A829C201C3D0200D77110 /* tGames.xcdatamodeld */ = {
			isa = XCVersionGroup;
			children = (
				5B3A829D201C3D0200D77110 /* tGames.xcdatamodel */,
			);
			currentVersion = 5B3A829D201C3D0200D77110 /* tGames.xcdatamodel */;
			path = tGames.xcdatamodeld;
			sourceTree = "<group>";
			versionGroupType = wrapper.xcdatamodel;
		};
/* End XCVersionGroup section */
	};
	rootObject = 5B3A828A201C3D0200D77110 /* Project object */;
}
